
Microsoft Visual Studio Solution File, Format Version 12.00
# Visual Studio Version 17
VisualStudioVersion = 17.14.36414.22
MinimumVisualStudioVersion = 10.0.40219.1
Project("{2150E333-8FDC-42A3-9474-1A3956D46DE8}") = "Task0", "Task0", "{02EA681E-C7D8-13C7-8484-4AC65E1B71E8}"
EndProject
Project("{FAE04EC0-301F-11D3-BF4B-00C04F79EFBC}") = "Tyuiu.MitrofanovaPV.Sprint3.Task0.V21", "Tyuiu.MitrofanovaPV.Sprint3.Task0.V21\Tyuiu.MitrofanovaPV.Sprint3.Task0.V21.csproj", "{1F61C563-71FA-4C1A-8711-7F7C96EE47A4}"
EndProject
Project("{FAE04EC0-301F-11D3-BF4B-00C04F79EFBC}") = "Tyuiu.MitrofanovaPV.Sprint3.Task0.V21.Test", "Tyuiu.MitrofanovaPV.Sprint3.Task0.V21.Test\Tyuiu.MitrofanovaPV.Sprint3.Task0.V21.Test.csproj", "{545C4802-390C-4404-9A0D-CCEB3EDD8D48}"
EndProject
Project("{FAE04EC0-301F-11D3-BF4B-00C04F79EFBC}") = "Tyuiu.MitrofanovaPV.Sprint3.Task0.V21.Lib", "Tyuiu.MitrofanovaPV.Sprint3.Task0.V21.Lib\Tyuiu.MitrofanovaPV.Sprint3.Task0.V21.Lib.csproj", "{C84F776D-B8A3-4B02-BF5E-E2584DBDF016}"
EndProject
Project("{2150E333-8FDC-42A3-9474-1A3956D46DE8}") = "Task1", "Task1", "{B2FBDD05-4021-4EEA-AEC2-DDBD64AA1A63}"
EndProject
Project("{FAE04EC0-301F-11D3-BF4B-00C04F79EFBC}") = "Tyuiu.MitrofanovaPV.Sprint3.Task1.V29", "Tyuiu.MitrofanovaPV.Sprint3.Task1.V29\Tyuiu.MitrofanovaPV.Sprint3.Task1.V29.csproj", "{03F74105-5970-4DE5-BC6D-39B7271A70AB}"
EndProject
Project("{FAE04EC0-301F-11D3-BF4B-00C04F79EFBC}") = "Tyuiu.MitrofanovaPV.Sprint3.Task1.V29.Lib", "Tyuiu.MitrofanovaPV.Sprint3.Task1.V29.Lib\Tyuiu.MitrofanovaPV.Sprint3.Task1.V29.Lib.csproj", "{B9EE6554-C720-4B11-8C85-DBFFBDA85096}"
EndProject
Project("{FAE04EC0-301F-11D3-BF4B-00C04F79EFBC}") = "Tyuiu.MitrofanovaPV.Sprint3.Task1.V29.Test", "Tyuiu.MitrofanovaPV.Sprint3.Task1.V29.Test\Tyuiu.MitrofanovaPV.Sprint3.Task1.V29.Test.csproj", "{97E3EA6B-6986-4469-8402-52CC7C673D84}"
EndProject
Project("{2150E333-8FDC-42A3-9474-1A3956D46DE8}") = "Task2", "Task2", "{755391E7-7605-42F1-B19C-B559C9DC125A}"
EndProject
Project("{FAE04EC0-301F-11D3-BF4B-00C04F79EFBC}") = "Tyuiu.MitrofanovaPV.Sprint3.Task2.V3", "Tyuiu.MitrofanovaPV.Sprint3.Task2.V3\Tyuiu.MitrofanovaPV.Sprint3.Task2.V3.csproj", "{B51153CD-CEF1-45D1-A88A-9CFD3FA1678D}"
EndProject
Project("{FAE04EC0-301F-11D3-BF4B-00C04F79EFBC}") = "Tyuiu.MitrofanovaPV.Sprint3.Task2.V3.Test", "Tyuiu.MitrofanovaPV.Sprint3.Task2.V3.Test\Tyuiu.MitrofanovaPV.Sprint3.Task2.V3.Test.csproj", "{CF735D15-64B5-47C4-A973-13A232A323D9}"
EndProject
Project("{FAE04EC0-301F-11D3-BF4B-00C04F79EFBC}") = "Tyuiu.MitrofanovaPV.Sprint3.Task2.V3.Lib", "Tyuiu.MitrofanovaPV.Sprint3.Task2.V3.Lib\Tyuiu.MitrofanovaPV.Sprint3.Task2.V3.Lib.csproj", "{78DF9B1D-CE55-4092-A21F-CF18D84EBA2C}"
EndProject
Project("{2150E333-8FDC-42A3-9474-1A3956D46DE8}") = "Task3", "Task3", "{1D4FCBEF-60E8-4716-9904-EC4BC8791142}"
EndProject
Project("{2150E333-8FDC-42A3-9474-1A3956D46DE8}") = "Task4", "Task4", "{FED3E9B2-5948-49E9-9EE5-0D420AD69242}"
EndProject
Project("{2150E333-8FDC-42A3-9474-1A3956D46DE8}") = "Task5", "Task5", "{2619EB4D-5272-4BE1-8ADB-6FB3E54E415E}"
EndProject
Project("{2150E333-8FDC-42A3-9474-1A3956D46DE8}") = "Task6", "Task6", "{0A3070D6-6804-43A1-96B2-69F98938280F}"
EndProject
Project("{2150E333-8FDC-42A3-9474-1A3956D46DE8}") = "Task7", "Task7", "{82064A60-9605-4DE1-9553-9A3C13B369B2}"
EndProject
Project("{FAE04EC0-301F-11D3-BF4B-00C04F79EFBC}") = "Tyuiu.MitrofanovaPV.Sprint3.Task3.V21", "Tyuiu.MitrofanovaPV.Sprint3.Task3.V21\Tyuiu.MitrofanovaPV.Sprint3.Task3.V21.csproj", "{8AB21A54-BFD5-456B-866B-78A7915CA800}"
EndProject
Project("{FAE04EC0-301F-11D3-BF4B-00C04F79EFBC}") = "Tyuiu.MitrofanovaPV.Sprint3.Task3.V21.Lib", "Tyuiu.MitrofanovaPV.Sprint3.Task3.V21.Lib\Tyuiu.MitrofanovaPV.Sprint3.Task3.V21.Lib.csproj", "{433522E3-160B-4250-AF13-D04F12CE9C96}"
EndProject
Project("{FAE04EC0-301F-11D3-BF4B-00C04F79EFBC}") = "Tyuiu.MitrofanovaPV.Sprint3.Task3.V21.Test", "Tyuiu.MitrofanovaPV.Sprint3.Task3.V21.Test\Tyuiu.MitrofanovaPV.Sprint3.Task3.V21.Test.csproj", "{5CCBC9AA-227A-49A3-B8D3-F6A12018E057}"
EndProject
Project("{FAE04EC0-301F-11D3-BF4B-00C04F79EFBC}") = "Tyuiu.MitrofanovaPV.Sprint3.Task4.V10", "Tyuiu.MitrofanovaPV.Sprint3.Task4.V10\Tyuiu.MitrofanovaPV.Sprint3.Task4.V10.csproj", "{00B892CE-7813-4BD1-B73F-94A865A347E4}"
EndProject
Project("{FAE04EC0-301F-11D3-BF4B-00C04F79EFBC}") = "Tyuiu.MitrofanovaPV.Sprint3.Task4.V10.Test", "Tyuiu.MitrofanovaPV.Sprint3.Task4.V10.Test\Tyuiu.MitrofanovaPV.Sprint3.Task4.V10.Test.csproj", "{5F6AA6CE-178C-47C6-A8D7-6D6BCC4DE6B5}"
EndProject
Project("{FAE04EC0-301F-11D3-BF4B-00C04F79EFBC}") = "Tyuiu.MitrofanovaPV.Sprint3.Task4.V10.Lib", "Tyuiu.MitrofanovaPV.Sprint3.Task4.V10.Lib\Tyuiu.MitrofanovaPV.Sprint3.Task4.V10.Lib.csproj", "{CD69611B-567E-4915-98D6-C508908A6134}"
EndProject
Project("{FAE04EC0-301F-11D3-BF4B-00C04F79EFBC}") = "Tyuiu.MitrofanovaPV.Sprint3.Task5.V18", "Tyuiu.MitrofanovaPV.Sprint3.Task5.V18\Tyuiu.MitrofanovaPV.Sprint3.Task5.V18.csproj", "{47424A64-6119-4F0B-9464-C8DE83700A9D}"
EndProject
Project("{FAE04EC0-301F-11D3-BF4B-00C04F79EFBC}") = "Tyuiu.MitrofanovaPV.Sprint3.Task5.V18.Lib", "Tyuiu.MitrofanovaPV.Sprint3.Task5.V18.Lib\Tyuiu.MitrofanovaPV.Sprint3.Task5.V18.Lib.csproj", "{321FCA29-A187-4F3C-ACCF-E0095C363DC9}"
EndProject
Project("{FAE04EC0-301F-11D3-BF4B-00C04F79EFBC}") = "Tyuiu.MitrofanovaPV.Sprint3.Task5.V18.Test", "Tyuiu.MitrofanovaPV.Sprint3.Task5.V18.Test\Tyuiu.MitrofanovaPV.Sprint3.Task5.V18.Test.csproj", "{DA9A8422-37F5-4E4F-AC7D-6F11AD418C81}"
EndProject
Global
	GlobalSection(SolutionConfigurationPlatforms) = preSolution
		Debug|Any CPU = Debug|Any CPU
		Release|Any CPU = Release|Any CPU
	EndGlobalSection
	GlobalSection(ProjectConfigurationPlatforms) = postSolution
		{1F61C563-71FA-4C1A-8711-7F7C96EE47A4}.Debug|Any CPU.ActiveCfg = Debug|Any CPU
		{1F61C563-71FA-4C1A-8711-7F7C96EE47A4}.Debug|Any CPU.Build.0 = Debug|Any CPU
		{1F61C563-71FA-4C1A-8711-7F7C96EE47A4}.Release|Any CPU.ActiveCfg = Release|Any CPU
		{1F61C563-71FA-4C1A-8711-7F7C96EE47A4}.Release|Any CPU.Build.0 = Release|Any CPU
		{545C4802-390C-4404-9A0D-CCEB3EDD8D48}.Debug|Any CPU.ActiveCfg = Debug|Any CPU
		{545C4802-390C-4404-9A0D-CCEB3EDD8D48}.Debug|Any CPU.Build.0 = Debug|Any CPU
		{545C4802-390C-4404-9A0D-CCEB3EDD8D48}.Release|Any CPU.ActiveCfg = Release|Any CPU
		{545C4802-390C-4404-9A0D-CCEB3EDD8D48}.Release|Any CPU.Build.0 = Release|Any CPU
		{C84F776D-B8A3-4B02-BF5E-E2584DBDF016}.Debug|Any CPU.ActiveCfg = Debug|Any CPU
		{C84F776D-B8A3-4B02-BF5E-E2584DBDF016}.Debug|Any CPU.Build.0 = Debug|Any CPU
		{C84F776D-B8A3-4B02-BF5E-E2584DBDF016}.Release|Any CPU.ActiveCfg = Release|Any CPU
		{C84F776D-B8A3-4B02-BF5E-E2584DBDF016}.Release|Any CPU.Build.0 = Release|Any CPU
		{03F74105-5970-4DE5-BC6D-39B7271A70AB}.Debug|Any CPU.ActiveCfg = Debug|Any CPU
		{03F74105-5970-4DE5-BC6D-39B7271A70AB}.Debug|Any CPU.Build.0 = Debug|Any CPU
		{03F74105-5970-4DE5-BC6D-39B7271A70AB}.Release|Any CPU.ActiveCfg = Release|Any CPU
		{03F74105-5970-4DE5-BC6D-39B7271A70AB}.Release|Any CPU.Build.0 = Release|Any CPU
		{B9EE6554-C720-4B11-8C85-DBFFBDA85096}.Debug|Any CPU.ActiveCfg = Debug|Any CPU
		{B9EE6554-C720-4B11-8C85-DBFFBDA85096}.Debug|Any CPU.Build.0 = Debug|Any CPU
		{B9EE6554-C720-4B11-8C85-DBFFBDA85096}.Release|Any CPU.ActiveCfg = Release|Any CPU
		{B9EE6554-C720-4B11-8C85-DBFFBDA85096}.Release|Any CPU.Build.0 = Release|Any CPU
		{97E3EA6B-6986-4469-8402-52CC7C673D84}.Debug|Any CPU.ActiveCfg = Debug|Any CPU
		{97E3EA6B-6986-4469-8402-52CC7C673D84}.Debug|Any CPU.Build.0 = Debug|Any CPU
		{97E3EA6B-6986-4469-8402-52CC7C673D84}.Release|Any CPU.ActiveCfg = Release|Any CPU
		{97E3EA6B-6986-4469-8402-52CC7C673D84}.Release|Any CPU.Build.0 = Release|Any CPU
		{B51153CD-CEF1-45D1-A88A-9CFD3FA1678D}.Debug|Any CPU.ActiveCfg = Debug|Any CPU
		{B51153CD-CEF1-45D1-A88A-9CFD3FA1678D}.Debug|Any CPU.Build.0 = Debug|Any CPU
		{B51153CD-CEF1-45D1-A88A-9CFD3FA1678D}.Release|Any CPU.ActiveCfg = Release|Any CPU
		{B51153CD-CEF1-45D1-A88A-9CFD3FA1678D}.Release|Any CPU.Build.0 = Release|Any CPU
		{CF735D15-64B5-47C4-A973-13A232A323D9}.Debug|Any CPU.ActiveCfg = Debug|Any CPU
		{CF735D15-64B5-47C4-A973-13A232A323D9}.Debug|Any CPU.Build.0 = Debug|Any CPU
		{CF735D15-64B5-47C4-A973-13A232A323D9}.Release|Any CPU.ActiveCfg = Release|Any CPU
		{CF735D15-64B5-47C4-A973-13A232A323D9}.Release|Any CPU.Build.0 = Release|Any CPU
		{78DF9B1D-CE55-4092-A21F-CF18D84EBA2C}.Debug|Any CPU.ActiveCfg = Debug|Any CPU
		{78DF9B1D-CE55-4092-A21F-CF18D84EBA2C}.Debug|Any CPU.Build.0 = Debug|Any CPU
		{78DF9B1D-CE55-4092-A21F-CF18D84EBA2C}.Release|Any CPU.ActiveCfg = Release|Any CPU
		{78DF9B1D-CE55-4092-A21F-CF18D84EBA2C}.Release|Any CPU.Build.0 = Release|Any CPU
		{8AB21A54-BFD5-456B-866B-78A7915CA800}.Debug|Any CPU.ActiveCfg = Debug|Any CPU
		{8AB21A54-BFD5-456B-866B-78A7915CA800}.Debug|Any CPU.Build.0 = Debug|Any CPU
		{8AB21A54-BFD5-456B-866B-78A7915CA800}.Release|Any CPU.ActiveCfg = Release|Any CPU
		{8AB21A54-BFD5-456B-866B-78A7915CA800}.Release|Any CPU.Build.0 = Release|Any CPU
		{433522E3-160B-4250-AF13-D04F12CE9C96}.Debug|Any CPU.ActiveCfg = Debug|Any CPU
		{433522E3-160B-4250-AF13-D04F12CE9C96}.Debug|Any CPU.Build.0 = Debug|Any CPU
		{433522E3-160B-4250-AF13-D04F12CE9C96}.Release|Any CPU.ActiveCfg = Release|Any CPU
		{433522E3-160B-4250-AF13-D04F12CE9C96}.Release|Any CPU.Build.0 = Release|Any CPU
		{5CCBC9AA-227A-49A3-B8D3-F6A12018E057}.Debug|Any CPU.ActiveCfg = Debug|Any CPU
		{5CCBC9AA-227A-49A3-B8D3-F6A12018E057}.Debug|Any CPU.Build.0 = Debug|Any CPU
		{5CCBC9AA-227A-49A3-B8D3-F6A12018E057}.Release|Any CPU.ActiveCfg = Release|Any CPU
		{5CCBC9AA-227A-49A3-B8D3-F6A12018E057}.Release|Any CPU.Build.0 = Release|Any CPU
		{00B892CE-7813-4BD1-B73F-94A865A347E4}.Debug|Any CPU.ActiveCfg = Debug|Any CPU
		{00B892CE-7813-4BD1-B73F-94A865A347E4}.Debug|Any CPU.Build.0 = Debug|Any CPU
		{00B892CE-7813-4BD1-B73F-94A865A347E4}.Release|Any CPU.ActiveCfg = Release|Any CPU
		{00B892CE-7813-4BD1-B73F-94A865A347E4}.Release|Any CPU.Build.0 = Release|Any CPU
		{5F6AA6CE-178C-47C6-A8D7-6D6BCC4DE6B5}.Debug|Any CPU.ActiveCfg = Debug|Any CPU
		{5F6AA6CE-178C-47C6-A8D7-6D6BCC4DE6B5}.Debug|Any CPU.Build.0 = Debug|Any CPU
		{5F6AA6CE-178C-47C6-A8D7-6D6BCC4DE6B5}.Release|Any CPU.ActiveCfg = Release|Any CPU
		{5F6AA6CE-178C-47C6-A8D7-6D6BCC4DE6B5}.Release|Any CPU.Build.0 = Release|Any CPU
		{CD69611B-567E-4915-98D6-C508908A6134}.Debug|Any CPU.ActiveCfg = Debug|Any CPU
		{CD69611B-567E-4915-98D6-C508908A6134}.Debug|Any CPU.Build.0 = Debug|Any CPU
		{CD69611B-567E-4915-98D6-C508908A6134}.Release|Any CPU.ActiveCfg = Release|Any CPU
		{CD69611B-567E-4915-98D6-C508908A6134}.Release|Any CPU.Build.0 = Release|Any CPU
		{47424A64-6119-4F0B-9464-C8DE83700A9D}.Debug|Any CPU.ActiveCfg = Debug|Any CPU
		{47424A64-6119-4F0B-9464-C8DE83700A9D}.Debug|Any CPU.Build.0 = Debug|Any CPU
		{47424A64-6119-4F0B-9464-C8DE83700A9D}.Release|Any CPU.ActiveCfg = Release|Any CPU
		{47424A64-6119-4F0B-9464-C8DE83700A9D}.Release|Any CPU.Build.0 = Release|Any CPU
		{321FCA29-A187-4F3C-ACCF-E0095C363DC9}.Debug|Any CPU.ActiveCfg = Debug|Any CPU
		{321FCA29-A187-4F3C-ACCF-E0095C363DC9}.Debug|Any CPU.Build.0 = Debug|Any CPU
		{321FCA29-A187-4F3C-ACCF-E0095C363DC9}.Release|Any CPU.ActiveCfg = Release|Any CPU
		{321FCA29-A187-4F3C-ACCF-E0095C363DC9}.Release|Any CPU.Build.0 = Release|Any CPU
		{DA9A8422-37F5-4E4F-AC7D-6F11AD418C81}.Debug|Any CPU.ActiveCfg = Debug|Any CPU
		{DA9A8422-37F5-4E4F-AC7D-6F11AD418C81}.Debug|Any CPU.Build.0 = Debug|Any CPU
		{DA9A8422-37F5-4E4F-AC7D-6F11AD418C81}.Release|Any CPU.ActiveCfg = Release|Any CPU
		{DA9A8422-37F5-4E4F-AC7D-6F11AD418C81}.Release|Any CPU.Build.0 = Release|Any CPU
	EndGlobalSection
	GlobalSection(SolutionProperties) = preSolution
		HideSolutionNode = FALSE
	EndGlobalSection
	GlobalSection(NestedProjects) = preSolution
		{1F61C563-71FA-4C1A-8711-7F7C96EE47A4} = {02EA681E-C7D8-13C7-8484-4AC65E1B71E8}
		{545C4802-390C-4404-9A0D-CCEB3EDD8D48} = {02EA681E-C7D8-13C7-8484-4AC65E1B71E8}
		{C84F776D-B8A3-4B02-BF5E-E2584DBDF016} = {02EA681E-C7D8-13C7-8484-4AC65E1B71E8}
		{03F74105-5970-4DE5-BC6D-39B7271A70AB} = {B2FBDD05-4021-4EEA-AEC2-DDBD64AA1A63}
		{B9EE6554-C720-4B11-8C85-DBFFBDA85096} = {B2FBDD05-4021-4EEA-AEC2-DDBD64AA1A63}
		{97E3EA6B-6986-4469-8402-52CC7C673D84} = {B2FBDD05-4021-4EEA-AEC2-DDBD64AA1A63}
		{B51153CD-CEF1-45D1-A88A-9CFD3FA1678D} = {755391E7-7605-42F1-B19C-B559C9DC125A}
		{CF735D15-64B5-47C4-A973-13A232A323D9} = {755391E7-7605-42F1-B19C-B559C9DC125A}
		{78DF9B1D-CE55-4092-A21F-CF18D84EBA2C} = {755391E7-7605-42F1-B19C-B559C9DC125A}
		{8AB21A54-BFD5-456B-866B-78A7915CA800} = {1D4FCBEF-60E8-4716-9904-EC4BC8791142}
		{433522E3-160B-4250-AF13-D04F12CE9C96} = {1D4FCBEF-60E8-4716-9904-EC4BC8791142}
		{5CCBC9AA-227A-49A3-B8D3-F6A12018E057} = {1D4FCBEF-60E8-4716-9904-EC4BC8791142}
		{00B892CE-7813-4BD1-B73F-94A865A347E4} = {FED3E9B2-5948-49E9-9EE5-0D420AD69242}
		{5F6AA6CE-178C-47C6-A8D7-6D6BCC4DE6B5} = {FED3E9B2-5948-49E9-9EE5-0D420AD69242}
		{CD69611B-567E-4915-98D6-C508908A6134} = {FED3E9B2-5948-49E9-9EE5-0D420AD69242}
		{47424A64-6119-4F0B-9464-C8DE83700A9D} = {2619EB4D-5272-4BE1-8ADB-6FB3E54E415E}
		{321FCA29-A187-4F3C-ACCF-E0095C363DC9} = {2619EB4D-5272-4BE1-8ADB-6FB3E54E415E}
		{DA9A8422-37F5-4E4F-AC7D-6F11AD418C81} = {2619EB4D-5272-4BE1-8ADB-6FB3E54E415E}
	EndGlobalSection
	GlobalSection(ExtensibilityGlobals) = postSolution
		SolutionGuid = {B5DD7A65-1489-4B80-86EE-D24550759D1E}
	EndGlobalSection
EndGlobal
