
Microsoft Visual Studio Solution File, Format Version 12.00
# Visual Studio Version 17
VisualStudioVersion = 17.14.36414.22
MinimumVisualStudioVersion = 10.0.40219.1
Project("{2150E333-8FDC-42A3-9474-1A3956D46DE8}") = "Task0", "Task0", "{02EA681E-C7D8-13C7-8484-4AC65E1B71E8}"
EndProject
Project("{FAE04EC0-301F-11D3-BF4B-00C04F79EFBC}") = "Tyuiu.MitrofanovaPV.Sprint3.Task0.V21", "Tyuiu.MitrofanovaPV.Sprint3.Task0.V21\Tyuiu.MitrofanovaPV.Sprint3.Task0.V21.csproj", "{1F61C563-71FA-4C1A-8711-7F7C96EE47A4}"
EndProject
Project("{FAE04EC0-301F-11D3-BF4B-00C04F79EFBC}") = "Tyuiu.MitrofanovaPV.Sprint3.Task0.V21.Test", "Tyuiu.MitrofanovaPV.Sprint3.Task0.V21.Test\Tyuiu.MitrofanovaPV.Sprint3.Task0.V21.Test.csproj", "{545C4802-390C-4404-9A0D-CCEB3EDD8D48}"
EndProject
Project("{FAE04EC0-301F-11D3-BF4B-00C04F79EFBC}") = "Tyuiu.MitrofanovaPV.Sprint3.Task0.V21.Lib", "Tyuiu.MitrofanovaPV.Sprint3.Task0.V21.Lib\Tyuiu.MitrofanovaPV.Sprint3.Task0.V21.Lib.csproj", "{C84F776D-B8A3-4B02-BF5E-E2584DBDF016}"
EndProject
Project("{2150E333-8FDC-42A3-9474-1A3956D46DE8}") = "Task1", "Task1", "{B2FBDD05-4021-4EEA-AEC2-DDBD64AA1A63}"
EndProject
Project("{FAE04EC0-301F-11D3-BF4B-00C04F79EFBC}") = "Tyuiu.MitrofanovaPV.Sprint3.Task1.V29", "Tyuiu.MitrofanovaPV.Sprint3.Task1.V29\Tyuiu.MitrofanovaPV.Sprint3.Task1.V29.csproj", "{03F74105-5970-4DE5-BC6D-39B7271A70AB}"
EndProject
Project("{FAE04EC0-301F-11D3-BF4B-00C04F79EFBC}") = "Tyuiu.MitrofanovaPV.Sprint3.Task1.V29.Lib", "Tyuiu.MitrofanovaPV.Sprint3.Task1.V29.Lib\Tyuiu.MitrofanovaPV.Sprint3.Task1.V29.Lib.csproj", "{B9EE6554-C720-4B11-8C85-DBFFBDA85096}"
EndProject
Project("{FAE04EC0-301F-11D3-BF4B-00C04F79EFBC}") = "Tyuiu.MitrofanovaPV.Sprint3.Task1.V29.Test", "Tyuiu.MitrofanovaPV.Sprint3.Task1.V29.Test\Tyuiu.MitrofanovaPV.Sprint3.Task1.V29.Test.csproj", "{97E3EA6B-6986-4469-8402-52CC7C673D84}"
EndProject
Project("{2150E333-8FDC-42A3-9474-1A3956D46DE8}") = "Task2", "Task2", "{755391E7-7605-42F1-B19C-B559C9DC125A}"
EndProject
Project("{FAE04EC0-301F-11D3-BF4B-00C04F79EFBC}") = "Tyuiu.MitrofanovaPV.Sprint3.Task2.V3", "Tyuiu.MitrofanovaPV.Sprint3.Task2.V3\Tyuiu.MitrofanovaPV.Sprint3.Task2.V3.csproj", "{B51153CD-CEF1-45D1-A88A-9CFD3FA1678D}"
EndProject
Project("{FAE04EC0-301F-11D3-BF4B-00C04F79EFBC}") = "Tyuiu.MitrofanovaPV.Sprint3.Task2.V3.Lib", "Tyuiu.MitrofanovaPV.Sprint3.Task2.V3.Lib\Tyuiu.MitrofanovaPV.Sprint3.Task2.V3.Lib.csproj", "{4D46E46E-8616-4999-BD21-EE7CDF38642F}"
EndProject
Project("{FAE04EC0-301F-11D3-BF4B-00C04F79EFBC}") = "Tyuiu.MitrofanovaPV.Sprint3.Task2.V3.Test", "Tyuiu.MitrofanovaPV.Sprint3.Task2.V3.Test\Tyuiu.MitrofanovaPV.Sprint3.Task2.V3.Test.csproj", "{CF735D15-64B5-47C4-A973-13A232A323D9}"
EndProject
Global
	GlobalSection(SolutionConfigurationPlatforms) = preSolution
		Debug|Any CPU = Debug|Any CPU
		Release|Any CPU = Release|Any CPU
	EndGlobalSection
	GlobalSection(ProjectConfigurationPlatforms) = postSolution
		{1F61C563-71FA-4C1A-8711-7F7C96EE47A4}.Debug|Any CPU.ActiveCfg = Debug|Any CPU
		{1F61C563-71FA-4C1A-8711-7F7C96EE47A4}.Debug|Any CPU.Build.0 = Debug|Any CPU
		{1F61C563-71FA-4C1A-8711-7F7C96EE47A4}.Release|Any CPU.ActiveCfg = Release|Any CPU
		{1F61C563-71FA-4C1A-8711-7F7C96EE47A4}.Release|Any CPU.Build.0 = Release|Any CPU
		{545C4802-390C-4404-9A0D-CCEB3EDD8D48}.Debug|Any CPU.ActiveCfg = Debug|Any CPU
		{545C4802-390C-4404-9A0D-CCEB3EDD8D48}.Debug|Any CPU.Build.0 = Debug|Any CPU
		{545C4802-390C-4404-9A0D-CCEB3EDD8D48}.Release|Any CPU.ActiveCfg = Release|Any CPU
		{545C4802-390C-4404-9A0D-CCEB3EDD8D48}.Release|Any CPU.Build.0 = Release|Any CPU
		{C84F776D-B8A3-4B02-BF5E-E2584DBDF016}.Debug|Any CPU.ActiveCfg = Debug|Any CPU
		{C84F776D-B8A3-4B02-BF5E-E2584DBDF016}.Debug|Any CPU.Build.0 = Debug|Any CPU
		{C84F776D-B8A3-4B02-BF5E-E2584DBDF016}.Release|Any CPU.ActiveCfg = Release|Any CPU
		{C84F776D-B8A3-4B02-BF5E-E2584DBDF016}.Release|Any CPU.Build.0 = Release|Any CPU
		{03F74105-5970-4DE5-BC6D-39B7271A70AB}.Debug|Any CPU.ActiveCfg = Debug|Any CPU
		{03F74105-5970-4DE5-BC6D-39B7271A70AB}.Debug|Any CPU.Build.0 = Debug|Any CPU
		{03F74105-5970-4DE5-BC6D-39B7271A70AB}.Release|Any CPU.ActiveCfg = Release|Any CPU
		{03F74105-5970-4DE5-BC6D-39B7271A70AB}.Release|Any CPU.Build.0 = Release|Any CPU
		{B9EE6554-C720-4B11-8C85-DBFFBDA85096}.Debug|Any CPU.ActiveCfg = Debug|Any CPU
		{B9EE6554-C720-4B11-8C85-DBFFBDA85096}.Debug|Any CPU.Build.0 = Debug|Any CPU
		{B9EE6554-C720-4B11-8C85-DBFFBDA85096}.Release|Any CPU.ActiveCfg = Release|Any CPU
		{B9EE6554-C720-4B11-8C85-DBFFBDA85096}.Release|Any CPU.Build.0 = Release|Any CPU
		{97E3EA6B-6986-4469-8402-52CC7C673D84}.Debug|Any CPU.ActiveCfg = Debug|Any CPU
		{97E3EA6B-6986-4469-8402-52CC7C673D84}.Debug|Any CPU.Build.0 = Debug|Any CPU
		{97E3EA6B-6986-4469-8402-52CC7C673D84}.Release|Any CPU.ActiveCfg = Release|Any CPU
		{97E3EA6B-6986-4469-8402-52CC7C673D84}.Release|Any CPU.Build.0 = Release|Any CPU
		{B51153CD-CEF1-45D1-A88A-9CFD3FA1678D}.Debug|Any CPU.ActiveCfg = Debug|Any CPU
		{B51153CD-CEF1-45D1-A88A-9CFD3FA1678D}.Debug|Any CPU.Build.0 = Debug|Any CPU
		{B51153CD-CEF1-45D1-A88A-9CFD3FA1678D}.Release|Any CPU.ActiveCfg = Release|Any CPU
		{B51153CD-CEF1-45D1-A88A-9CFD3FA1678D}.Release|Any CPU.Build.0 = Release|Any CPU
		{4D46E46E-8616-4999-BD21-EE7CDF38642F}.Debug|Any CPU.ActiveCfg = Debug|Any CPU
		{4D46E46E-8616-4999-BD21-EE7CDF38642F}.Debug|Any CPU.Build.0 = Debug|Any CPU
		{4D46E46E-8616-4999-BD21-EE7CDF38642F}.Release|Any CPU.ActiveCfg = Release|Any CPU
		{4D46E46E-8616-4999-BD21-EE7CDF38642F}.Release|Any CPU.Build.0 = Release|Any CPU
		{CF735D15-64B5-47C4-A973-13A232A323D9}.Debug|Any CPU.ActiveCfg = Debug|Any CPU
		{CF735D15-64B5-47C4-A973-13A232A323D9}.Debug|Any CPU.Build.0 = Debug|Any CPU
		{CF735D15-64B5-47C4-A973-13A232A323D9}.Release|Any CPU.ActiveCfg = Release|Any CPU
		{CF735D15-64B5-47C4-A973-13A232A323D9}.Release|Any CPU.Build.0 = Release|Any CPU
	EndGlobalSection
	GlobalSection(SolutionProperties) = preSolution
		HideSolutionNode = FALSE
	EndGlobalSection
	GlobalSection(NestedProjects) = preSolution
		{1F61C563-71FA-4C1A-8711-7F7C96EE47A4} = {02EA681E-C7D8-13C7-8484-4AC65E1B71E8}
		{545C4802-390C-4404-9A0D-CCEB3EDD8D48} = {02EA681E-C7D8-13C7-8484-4AC65E1B71E8}
		{C84F776D-B8A3-4B02-BF5E-E2584DBDF016} = {02EA681E-C7D8-13C7-8484-4AC65E1B71E8}
		{03F74105-5970-4DE5-BC6D-39B7271A70AB} = {B2FBDD05-4021-4EEA-AEC2-DDBD64AA1A63}
		{B9EE6554-C720-4B11-8C85-DBFFBDA85096} = {B2FBDD05-4021-4EEA-AEC2-DDBD64AA1A63}
		{97E3EA6B-6986-4469-8402-52CC7C673D84} = {B2FBDD05-4021-4EEA-AEC2-DDBD64AA1A63}
		{B51153CD-CEF1-45D1-A88A-9CFD3FA1678D} = {755391E7-7605-42F1-B19C-B559C9DC125A}
		{4D46E46E-8616-4999-BD21-EE7CDF38642F} = {755391E7-7605-42F1-B19C-B559C9DC125A}
		{CF735D15-64B5-47C4-A973-13A232A323D9} = {755391E7-7605-42F1-B19C-B559C9DC125A}
	EndGlobalSection
	GlobalSection(ExtensibilityGlobals) = postSolution
		SolutionGuid = {B5DD7A65-1489-4B80-86EE-D24550759D1E}
	EndGlobalSection
EndGlobal
